
Microsoft Visual Studio Solution File, Format Version 12.00
# Visual Studio Version 16
VisualStudioVersion = 16.0.29806.167
MinimumVisualStudioVersion = 15.0
Project("{2150E333-8FDC-42A3-9474-1A3956D46DE8}") = "Driver", "Driver", "{343488BE-0304-44B0-B19C-5D6FA2B1186E}"
EndProject
Project("{9A19103F-16F7-4668-BE54-9A1E7A4F7556}") = "Cassandra", "Cassandra\Cassandra.csproj", "{249D9AB1-1CB0-400E-8FB0-8E7C1C98C923}"
EndProject
Project("{9A19103F-16F7-4668-BE54-9A1E7A4F7556}") = "Cassandra.IntegrationTests", "Cassandra.IntegrationTests\Cassandra.IntegrationTests.csproj", "{A68FC72B-569E-49EA-BE94-E2A594824A2E}"
EndProject
Project("{9A19103F-16F7-4668-BE54-9A1E7A4F7556}") = "Cassandra.Tests", "Cassandra.Tests\Cassandra.Tests.csproj", "{21DDE658-5BCB-4845-BC2F-47B102E3E522}"
EndProject
Project("{2150E333-8FDC-42A3-9474-1A3956D46DE8}") = "Extensions", "Extensions", "{33EA4AFB-736A-48FB-B6BB-0E8F1163ABF0}"
EndProject
Project("{9A19103F-16F7-4668-BE54-9A1E7A4F7556}") = "Cassandra.AppMetrics", "Extensions\Cassandra.AppMetrics\Cassandra.AppMetrics.csproj", "{93FA7B24-7B58-42E5-89E6-7F8023B03BA3}"
EndProject
Project("{2150E333-8FDC-42A3-9474-1A3956D46DE8}") = "Solution Items", "Solution Items", "{B18A61A0-8552-476C-AE41-ED8F39396754}"
	ProjectSection(SolutionItems) = preProject
		.editorconfig = .editorconfig
		stylecop.json = stylecop.json
	EndProjectSection
EndProject
Project("{FAE04EC0-301F-11D3-BF4B-00C04F79EFBC}") = "Cassandra.YugaByte.Tests", "Cassandra.YugaByte.Tests\Cassandra.YugaByte.Tests.csproj", "{E6B3676D-4F0B-4033-99F7-3D678C5F2B84}"
EndProject
Global
	GlobalSection(SolutionConfigurationPlatforms) = preSolution
		Debug|Any CPU = Debug|Any CPU
		Release|Any CPU = Release|Any CPU
	EndGlobalSection
	GlobalSection(ProjectConfigurationPlatforms) = postSolution
		{CD3ECE56-DB5A-4C1D-8863-8D91DC21F321}.Debug|Any CPU.ActiveCfg = Debug|Any CPU
		{CD3ECE56-DB5A-4C1D-8863-8D91DC21F321}.Debug|Any CPU.Build.0 = Debug|Any CPU
		{CD3ECE56-DB5A-4C1D-8863-8D91DC21F321}.Release|Any CPU.ActiveCfg = Release|Any CPU
		{CD3ECE56-DB5A-4C1D-8863-8D91DC21F321}.Release|Any CPU.Build.0 = Release|Any CPU
		{670A9F87-822C-4DD3-877A-178135C3C9A1}.Debug|Any CPU.ActiveCfg = Debug|Any CPU
		{670A9F87-822C-4DD3-877A-178135C3C9A1}.Debug|Any CPU.Build.0 = Debug|Any CPU
		{670A9F87-822C-4DD3-877A-178135C3C9A1}.Release|Any CPU.ActiveCfg = Release|Any CPU
		{670A9F87-822C-4DD3-877A-178135C3C9A1}.Release|Any CPU.Build.0 = Release|Any CPU
		{6E9E4BBB-7FFD-4337-8639-6F52DCACD591}.Debug|Any CPU.ActiveCfg = Debug|Any CPU
		{6E9E4BBB-7FFD-4337-8639-6F52DCACD591}.Debug|Any CPU.Build.0 = Debug|Any CPU
		{6E9E4BBB-7FFD-4337-8639-6F52DCACD591}.Release|Any CPU.ActiveCfg = Release|Any CPU
		{6E9E4BBB-7FFD-4337-8639-6F52DCACD591}.Release|Any CPU.Build.0 = Release|Any CPU
		{E6B3676D-4F0B-4033-99F7-3D678C5F2B84}.Debug|Any CPU.ActiveCfg = Debug|Any CPU
		{E6B3676D-4F0B-4033-99F7-3D678C5F2B84}.Debug|Any CPU.Build.0 = Debug|Any CPU
		{E6B3676D-4F0B-4033-99F7-3D678C5F2B84}.Release|Any CPU.ActiveCfg = Release|Any CPU
		{E6B3676D-4F0B-4033-99F7-3D678C5F2B84}.Release|Any CPU.Build.0 = Release|Any CPU
	EndGlobalSection
	GlobalSection(SolutionProperties) = preSolution
		HideSolutionNode = FALSE
	EndGlobalSection
	GlobalSection(ExtensibilityGlobals) = postSolution
		SolutionGuid = {0C0DEA39-E5F3-4A52-9A69-38D8BE0C7F2C}
	EndGlobalSection
EndGlobal
